schema: '2.0'
stages:
  ingest:
    cmd: uv run python -m sports_forecast.data.ingest
    deps:
    - path: data/source
      hash: md5
      md5: 2a5a6422a6d04bb4eb26a74148bb3b19.dir
      size: 474621059
      nfiles: 8
    - path: sports_forecast/data/ingest.py
      hash: md5
      md5: d6c312f940f972c0d2c61abe86f591e7
      size: 27225
    outs:
    - path: data/raw
      hash: md5
      md5: 49b441651c266f3d942cd8a156b20fd9.dir
      size: 191875133
      nfiles: 14
  features:
    cmd: uv run python -m sports_forecast.features.features_build tournament=all
      model=is_home_win
    deps:
    - path: conf/features
      hash: md5
      md5: 508ff3aa2c909877d66807f3460acb79.dir
      size: 6751
      nfiles: 2
    - path: conf/paths.yaml
      hash: md5
      md5: 37255be8c77c777bcf8382e851be222e
      size: 224
    - path: data/interim
      hash: md5
      md5: f616b3c9cb6493864b36381735ff6d2d.dir
      size: 6753250
      nfiles: 7
    - path: sports_forecast/features/features_build.py
      hash: md5
      md5: 530aa3c28c48a3c05542dd81dc0436f9
      size: 12599
    outs:
    - path: data/processed
      hash: md5
      md5: 8a094efac99bbf647495ece4389464e2.dir
      size: 32975664
      nfiles: 20
  clean:
    cmd: uv run python -m sports_forecast.data.clean
    deps:
    - path: conf/paths.yaml
      hash: md5
      md5: 37255be8c77c777bcf8382e851be222e
      size: 224
    - path: conf/tournament
      hash: md5
      md5: 7d04b1efa3694318d2aa8d29dadc81d5.dir
      size: 17623
      nfiles: 8
    - path: data/raw
      hash: md5
      md5: 49b441651c266f3d942cd8a156b20fd9.dir
      size: 191875133
      nfiles: 14
    - path: sports_forecast/data/clean.py
      hash: md5
      md5: 05846ba4e3565032778185e39655a9d5
      size: 17334
    outs:
    - path: data/interim
      hash: md5
      md5: f616b3c9cb6493864b36381735ff6d2d.dir
      size: 6753250
      nfiles: 7
  train:
    cmd: uv run python -m sports_forecast.train tournament=all model=is_home_win
    deps:
    - path: conf/config.yaml
      hash: md5
      md5: 6e5a28b08e39e17df1e847d5c019a90d
      size: 1300
    - path: conf/model
      hash: md5
      md5: 84ce9b71e1069928996e3eabca918c80.dir
      size: 6728
      nfiles: 4
    - path: conf/paths.yaml
      hash: md5
      md5: 37255be8c77c777bcf8382e851be222e
      size: 224
    - path: conf/tournament
      hash: md5
      md5: 7d04b1efa3694318d2aa8d29dadc81d5.dir
      size: 17623
      nfiles: 8
    - path: data/processed
      hash: md5
      md5: 8a094efac99bbf647495ece4389464e2.dir
      size: 32975664
      nfiles: 20
    - path: sports_forecast/train.py
      hash: md5
      md5: bcc620b2fa3a677feedb4a1f33581cc5
      size: 34274
    outs:
    - path: models
      hash: md5
      md5: bfc56ed8d4ece5f0ba88ba96af6e132c.dir
      size: 167024
      nfiles: 7
