schema: '2.0'
stages:
  ingest:
    cmd: uv run python -m sports_forecast.data.ingest
    deps:
    - path: conf/bookmaker/
      hash: md5
      md5: 284df88443465e48c024a08b8c153c4a.dir
      size: 12851
      nfiles: 3
    - path: conf/source/
      hash: md5
      md5: 4f2ab21123374f4b629625a80103f415.dir
      size: 9574
      nfiles: 4
    - path: data/source/
      hash: md5
      md5: 4cd669cba0f0bcdea62331e5dfb2b9b4.dir
      size: 498742601
      nfiles: 16
    - path: sports_forecast/data/ingest.py
      hash: md5
      md5: 4f1d4400f440eb889bb759de23ddc9db
      size: 28120
    outs:
    - path: data/raw/
      hash: md5
      md5: b1e68b80c4c9687a7caeaaf71687bc5c.dir
      size: 51006316
      nfiles: 8
  features:
    cmd: uv run python -m sports_forecast.features.features_build --multirun
      tournament=uel_kz_1,uel_kz_2,uel_cz,lp_ru,lp_eu,lp_eu_a18,lp_by,nhl
      features=advanced
    deps:
    - path: conf/features/
      hash: md5
      md5: b3f76e4ef96ffee337becbaaba1b5df8.dir
      size: 13861
      nfiles: 12
    - path: conf/features_pipeline.yaml
      hash: md5
      md5: 9b14e0b39c22789be2f3d586a17631d2
      size: 727
    - path: conf/paths.yaml
      hash: md5
      md5: 13a08ff4d363534b6ba112d37150e148
      size: 252
    - path: data/interim/
      hash: md5
      md5: 0ec8825f5cd1fdfe29a4c8ad14ede2b9.dir
      size: 33438166
      nfiles: 8
    - path: sports_forecast/features/feature_pipeline_compose.py
      hash: md5
      md5: 3c1db32fbf283ee09d96be90e4fe7eac
      size: 9595
    - path: sports_forecast/features/features_build.py
      hash: md5
      md5: 866628dcf49b9449269eff38aca528d6
      size: 10304
    - path: sports_forecast/features/generators/
      hash: md5
      md5: 903420888d6f27c3255f1aba4cd265e6.dir
      size: 195812
      nfiles: 20
    - path: sports_forecast/features/pipeline.py
      hash: md5
      md5: 86f92ecbe1c6090f7cea691bc73e6443
      size: 17719
    - path: sports_forecast/features/rolling_contexts.py
      hash: md5
      md5: 93e34f7def9a04d10e7b7645aa5c93af
      size: 14255
    params:
      params.yaml:
        features.config: advanced
    outs:
    - path: data/processed/
      hash: md5
      md5: b6f640586ab43bc9b9c021942df11c8f.dir
      size: 2423023666
      nfiles: 32
  clean:
    cmd: uv run python -m sports_forecast.data.clean
    deps:
    - path: conf/paths.yaml
      hash: md5
      md5: 13a08ff4d363534b6ba112d37150e148
      size: 252
    - path: conf/sport/
      hash: md5
      md5: 125b4ed54b932de92fae85422a79529e.dir
      size: 18176
      nfiles: 5
    - path: conf/tournament/
      hash: md5
      md5: 520a84dcb39819a45bd072a151847df7.dir
      size: 12112
      nfiles: 9
    - path: data/raw/
      hash: md5
      md5: b1e68b80c4c9687a7caeaaf71687bc5c.dir
      size: 51006316
      nfiles: 8
    - path: sports_forecast/data/clean.py
      hash: md5
      md5: cb04bda9eeb7e29a11ff69fc14d12126
      size: 27351
    - path: sports_forecast/validation/schemas.py
      hash: md5
      md5: 61b2b3e018710f0ca1831707ed524938
      size: 21193
    outs:
    - path: data/interim/
      hash: md5
      md5: 0ec8825f5cd1fdfe29a4c8ad14ede2b9.dir
      size: 33438166
      nfiles: 8
  validate:
    cmd: uv run python -m sports_forecast.validation.run_validation
    deps:
    - path: data/interim/
      hash: md5
      md5: 0ec8825f5cd1fdfe29a4c8ad14ede2b9.dir
      size: 33438166
      nfiles: 8
    - path: data/processed/
      hash: md5
      md5: b6f640586ab43bc9b9c021942df11c8f.dir
      size: 2423023666
      nfiles: 32
    - path: data/raw/
      hash: md5
      md5: b1e68b80c4c9687a7caeaaf71687bc5c.dir
      size: 51006316
      nfiles: 8
    - path: sports_forecast/validation/gates.py
      hash: md5
      md5: a91a16e45485f2f039d8d62e2b41c755
      size: 19865
    - path: sports_forecast/validation/run_validation.py
      hash: md5
      md5: 6c65d9b0b025616e01712151ebc5d01b
      size: 5235
    - path: sports_forecast/validation/schemas.py
      hash: md5
      md5: 61b2b3e018710f0ca1831707ed524938
      size: 21193
